
Microsoft Visual Studio Solution File, Format Version 11.00
# Visual Studio 2010
Project("{FAE04EC0-301F-11D3-BF4B-00C04F79EFBC}") = "ConsoleApplication2", "ConsoleApplication2\ConsoleApplication2.csproj", "{F69E4040-2ACF-4B9F-9401-233C51BC9CDB}"
EndProject
Project("{FAE04EC0-301F-11D3-BF4B-00C04F79EFBC}") = "TestProject1", "TestProject1\TestProject1.csproj", "{287A50B5-7A45-435E-A485-4B643A3917E6}"
EndProject
Project("{2150E333-8FDC-42A3-9474-1A3956D46DE8}") = "Solution Items", "Solution Items", "{990BC30D-14CD-4233-B914-268E0B2F2C78}"
	ProjectSection(SolutionItems) = preProject
		ConsoleApplication2.vsmdi = ConsoleApplication2.vsmdi
		Local.testsettings = Local.testsettings
		TraceAndTestImpact.testsettings = TraceAndTestImpact.testsettings
	EndProjectSection
EndProject
Global
	GlobalSection(TestCaseManagementSettings) = postSolution
		CategoryFile = ConsoleApplication2.vsmdi
	EndGlobalSection
	GlobalSection(SolutionConfigurationPlatforms) = preSolution
		Debug|Any CPU = Debug|Any CPU
		Debug|Mixed Platforms = Debug|Mixed Platforms
		Debug|x86 = Debug|x86
		Release|Any CPU = Release|Any CPU
		Release|Mixed Platforms = Release|Mixed Platforms
		Release|x86 = Release|x86
	EndGlobalSection
	GlobalSection(ProjectConfigurationPlatforms) = postSolution
		{F69E4040-2ACF-4B9F-9401-233C51BC9CDB}.Debug|Any CPU.ActiveCfg = Debug|x86
		{F69E4040-2ACF-4B9F-9401-233C51BC9CDB}.Debug|Mixed Platforms.ActiveCfg = Debug|x86
		{F69E4040-2ACF-4B9F-9401-233C51BC9CDB}.Debug|Mixed Platforms.Build.0 = Debug|x86
		{F69E4040-2ACF-4B9F-9401-233C51BC9CDB}.Debug|x86.ActiveCfg = Debug|x86
		{F69E4040-2ACF-4B9F-9401-233C51BC9CDB}.Debug|x86.Build.0 = Debug|x86
		{F69E4040-2ACF-4B9F-9401-233C51BC9CDB}.Release|Any CPU.ActiveCfg = Release|x86
		{F69E4040-2ACF-4B9F-9401-233C51BC9CDB}.Release|Mixed Platforms.ActiveCfg = Release|x86
		{F69E4040-2ACF-4B9F-9401-233C51BC9CDB}.Release|Mixed Platforms.Build.0 = Release|x86
		{F69E4040-2ACF-4B9F-9401-233C51BC9CDB}.Release|x86.ActiveCfg = Release|x86
		{F69E4040-2ACF-4B9F-9401-233C51BC9CDB}.Release|x86.Build.0 = Release|x86
		{287A50B5-7A45-435E-A485-4B643A3917E6}.Debug|Any CPU.ActiveCfg = Debug|Any CPU
		{287A50B5-7A45-435E-A485-4B643A3917E6}.Debug|Any CPU.Build.0 = Debug|Any CPU
		{287A50B5-7A45-435E-A485-4B643A3917E6}.Debug|Mixed Platforms.ActiveCfg = Debug|Any CPU
		{287A50B5-7A45-435E-A485-4B643A3917E6}.Debug|Mixed Platforms.Build.0 = Debug|Any CPU
		{287A50B5-7A45-435E-A485-4B643A3917E6}.Debug|x86.ActiveCfg = Debug|Any CPU
		{287A50B5-7A45-435E-A485-4B643A3917E6}.Release|Any CPU.ActiveCfg = Release|Any CPU
		{287A50B5-7A45-435E-A485-4B643A3917E6}.Release|Any CPU.Build.0 = Release|Any CPU
		{287A50B5-7A45-435E-A485-4B643A3917E6}.Release|Mixed Platforms.ActiveCfg = Release|Any CPU
		{287A50B5-7A45-435E-A485-4B643A3917E6}.Release|Mixed Platforms.Build.0 = Release|Any CPU
		{287A50B5-7A45-435E-A485-4B643A3917E6}.Release|x86.ActiveCfg = Release|Any CPU
	EndGlobalSection
	GlobalSection(SolutionProperties) = preSolution
		HideSolutionNode = FALSE
	EndGlobalSection
EndGlobal
